
Microsoft Visual Studio Solution File, Format Version 12.00
# Visual Studio Version 17
VisualStudioVersion = 17.6.33815.320
MinimumVisualStudioVersion = 10.0.40219.1
Project("{FAE04EC0-301F-11D3-BF4B-00C04F79EFBC}") = "QuanLyCuaHang", "QuanLyCuaHang.csproj", "{154751FD-0DC2-4A92-8941-4894C8B65B6A}"
EndProject
Global
	GlobalSection(SolutionConfigurationPlatforms) = preSolution
		Debug|Any CPU = Debug|Any CPU
		Release|Any CPU = Release|Any CPU
	EndGlobalSection
	GlobalSection(ProjectConfigurationPlatforms) = postSolution
		{154751FD-0DC2-4A92-8941-4894C8B65B6A}.Debug|Any CPU.ActiveCfg = Debug|Any CPU
		{154751FD-0DC2-4A92-8941-4894C8B65B6A}.Debug|Any CPU.Build.0 = Debug|Any CPU
		{154751FD-0DC2-4A92-8941-4894C8B65B6A}.Release|Any CPU.ActiveCfg = Release|Any CPU
		{154751FD-0DC2-4A92-8941-4894C8B65B6A}.Release|Any CPU.Build.0 = Release|Any CPU
	EndGlobalSection
	GlobalSection(SolutionProperties) = preSolution
		HideSolutionNode = FALSE
	EndGlobalSection
	GlobalSection(ExtensibilityGlobals) = postSolution
		SolutionGuid = {F786A245-73BB-4951-8C99-3FB70090AF14}
	EndGlobalSection
EndGlobal
